
Microsoft Visual Studio Solution File, Format Version 12.00
# Visual Studio Version 16
VisualStudioVersion = 16.0.32602.291
MinimumVisualStudioVersion = 10.0.40219.1
Project("{FAE04EC0-301F-11D3-BF4B-00C04F79EFBC}") = "ConsoleApp8", "ConsoleApp8\ConsoleApp8.csproj", "{CEC785D4-5930-475A-9E32-DFE47D32391C}"
EndProject
Global
	GlobalSection(SolutionConfigurationPlatforms) = preSolution
		Debug|Any CPU = Debug|Any CPU
		Release|Any CPU = Release|Any CPU
	EndGlobalSection
	GlobalSection(ProjectConfigurationPlatforms) = postSolution
		{CEC785D4-5930-475A-9E32-DFE47D32391C}.Debug|Any CPU.ActiveCfg = Debug|Any CPU
		{CEC785D4-5930-475A-9E32-DFE47D32391C}.Debug|Any CPU.Build.0 = Debug|Any CPU
		{CEC785D4-5930-475A-9E32-DFE47D32391C}.Release|Any CPU.ActiveCfg = Release|Any CPU
		{CEC785D4-5930-475A-9E32-DFE47D32391C}.Release|Any CPU.Build.0 = Release|Any CPU
	EndGlobalSection
	GlobalSection(SolutionProperties) = preSolution
		HideSolutionNode = FALSE
	EndGlobalSection
	GlobalSection(ExtensibilityGlobals) = postSolution
		SolutionGuid = {36F6EF78-39E4-44E9-9362-762B38EBE450}
	EndGlobalSection
EndGlobal
